{
  "pins" : [
    {
      "identity" : "multislider",
      "kind" : "remoteSourceControl",
      "location" : "https://github.com/yonat/MultiSlider",
      "state" : {
        "revision" : "7fe7bd886fc414d87227ac14279d50ced9668059",
        "version" : "2.1.6"
      }
    },
    {
      "identity" : "sweeterswift",
      "kind" : "remoteSourceControl",
      "location" : "https://github.com/yonat/SweeterSwift",
      "state" : {
        "revision" : "f0f1c9812ff4741918d35d412cfffd805edac3b9",
        "version" : "1.2.4"
      }
    }
  ],
  "version" : 2
}
